
Microsoft Visual Studio Solution File, Format Version 12.00
# Visual Studio Version 16
VisualStudioVersion = 16.0.29926.136
MinimumVisualStudioVersion = 10.0.40219.1
Project("{FAE04EC0-301F-11D3-BF4B-00C04F79EFBC}") = "DacPacSample", "DacPacSample\DacPacSample.csproj", "{3E0740A5-CCCF-4FFD-B7F1-4F1FD6B7EB58}"
EndProject
Project("{00D1A9C2-B5F0-4AF3-8072-F6C62B433612}") = "DbSample", "DbSample\DbSample.sqlproj", "{357991C9-3BE7-47E0-B735-4E2D3E3FFB4D}"
EndProject
Global
	GlobalSection(SolutionConfigurationPlatforms) = preSolution
		Debug|Any CPU = Debug|Any CPU
		Release|Any CPU = Release|Any CPU
	EndGlobalSection
	GlobalSection(ProjectConfigurationPlatforms) = postSolution
		{3E0740A5-CCCF-4FFD-B7F1-4F1FD6B7EB58}.Debug|Any CPU.ActiveCfg = Debug|Any CPU
		{3E0740A5-CCCF-4FFD-B7F1-4F1FD6B7EB58}.Debug|Any CPU.Build.0 = Debug|Any CPU
		{3E0740A5-CCCF-4FFD-B7F1-4F1FD6B7EB58}.Release|Any CPU.ActiveCfg = Release|Any CPU
		{3E0740A5-CCCF-4FFD-B7F1-4F1FD6B7EB58}.Release|Any CPU.Build.0 = Release|Any CPU
		{357991C9-3BE7-47E0-B735-4E2D3E3FFB4D}.Debug|Any CPU.ActiveCfg = Debug|Any CPU
		{357991C9-3BE7-47E0-B735-4E2D3E3FFB4D}.Debug|Any CPU.Build.0 = Debug|Any CPU
		{357991C9-3BE7-47E0-B735-4E2D3E3FFB4D}.Debug|Any CPU.Deploy.0 = Debug|Any CPU
		{357991C9-3BE7-47E0-B735-4E2D3E3FFB4D}.Release|Any CPU.ActiveCfg = Release|Any CPU
		{357991C9-3BE7-47E0-B735-4E2D3E3FFB4D}.Release|Any CPU.Build.0 = Release|Any CPU
		{357991C9-3BE7-47E0-B735-4E2D3E3FFB4D}.Release|Any CPU.Deploy.0 = Release|Any CPU
	EndGlobalSection
	GlobalSection(SolutionProperties) = preSolution
		HideSolutionNode = FALSE
	EndGlobalSection
	GlobalSection(ExtensibilityGlobals) = postSolution
		SolutionGuid = {019025C6-84F2-4920-93B7-DB6A6F044B90}
	EndGlobalSection
EndGlobal
